// !$*UTF8*$!
{
	archiveVersion = 1;
	classes = {
	};
	objectVersion = 50;
	objects = {

/* Begin PBXBuildFile section */
		D025211D2700070700997864 /* ShellHacks_Capital_OneApp.swift in Sources */ = {isa = PBXBuildFile; fileRef = D025211C2700070700997864 /* ShellHacks_Capital_OneApp.swift */; };
		D025211F2700070700997864 /* ContentView.swift in Sources */ = {isa = PBXBuildFile; fileRef = D025211E2700070700997864 /* ContentView.swift */; };
		D02521212700071000997864 /* Assets.xcassets in Resources */ = {isa = PBXBuildFile; fileRef = D02521202700071000997864 /* Assets.xcassets */; };
		D02521242700071000997864 /* Preview Assets.xcassets in Resources */ = {isa = PBXBuildFile; fileRef = D02521232700071000997864 /* Preview Assets.xcassets */; };
		D025212C2700075F00997864 /* TCCalculatorView.swift in Sources */ = {isa = PBXBuildFile; fileRef = D025212B2700075F00997864 /* TCCalculatorView.swift */; };
		D025212E2700077E00997864 /* ProfileView.swift in Sources */ = {isa = PBXBuildFile; fileRef = D025212D2700077D00997864 /* ProfileView.swift */; };
		D02521302700079800997864 /* FinanceInfoView.swift in Sources */ = {isa = PBXBuildFile; fileRef = D025212F2700079800997864 /* FinanceInfoView.swift */; };
/* End PBXBuildFile section */

/* Begin PBXFileReference section */
		D02521192700070700997864 /* ShellHacks Capital One.app */ = {isa = PBXFileReference; explicitFileType = wrapper.application; includeInIndex = 0; path = "ShellHacks Capital One.app"; sourceTree = BUILT_PRODUCTS_DIR; };
		D025211C2700070700997864 /* ShellHacks_Capital_OneApp.swift */ = {isa = PBXFileReference; lastKnownFileType = sourcecode.swift; path = ShellHacks_Capital_OneApp.swift; sourceTree = "<group>"; };
		D025211E2700070700997864 /* ContentView.swift */ = {isa = PBXFileReference; lastKnownFileType = sourcecode.swift; path = ContentView.swift; sourceTree = "<group>"; };
		D02521202700071000997864 /* Assets.xcassets */ = {isa = PBXFileReference; lastKnownFileType = folder.assetcatalog; path = Assets.xcassets; sourceTree = "<group>"; };
		D02521232700071000997864 /* Preview Assets.xcassets */ = {isa = PBXFileReference; lastKnownFileType = folder.assetcatalog; path = "Preview Assets.xcassets"; sourceTree = "<group>"; };
		D02521252700071000997864 /* Info.plist */ = {isa = PBXFileReference; lastKnownFileType = text.plist.xml; path = Info.plist; sourceTree = "<group>"; };
		D025212B2700075F00997864 /* TCCalculatorView.swift */ = {isa = PBXFileReference; lastKnownFileType = sourcecode.swift; path = TCCalculatorView.swift; sourceTree = "<group>"; };
		D025212D2700077D00997864 /* ProfileView.swift */ = {isa = PBXFileReference; lastKnownFileType = sourcecode.swift; path = ProfileView.swift; sourceTree = "<group>"; };
		D025212F2700079800997864 /* FinanceInfoView.swift */ = {isa = PBXFileReference; lastKnownFileType = sourcecode.swift; path = FinanceInfoView.swift; sourceTree = "<group>"; };
/* End PBXFileReference section */

/* Begin PBXFrameworksBuildPhase section */
		D02521162700070700997864 /* Frameworks */ = {
			isa = PBXFrameworksBuildPhase;
			buildActionMask = 2147483647;
			files = (
			);
			runOnlyForDeploymentPostprocessing = 0;
		};
/* End PBXFrameworksBuildPhase section */

/* Begin PBXGroup section */
		D02521102700070700997864 = {
			isa = PBXGroup;
			children = (
				D025211B2700070700997864 /* ShellHacks Capital One */,
				D025211A2700070700997864 /* Products */,
			);
			sourceTree = "<group>";
		};
		D025211A2700070700997864 /* Products */ = {
			isa = PBXGroup;
			children = (
				D02521192700070700997864 /* ShellHacks Capital One.app */,
			);
			name = Products;
			sourceTree = "<group>";
		};
		D025211B2700070700997864 /* ShellHacks Capital One */ = {
			isa = PBXGroup;
			children = (
				D025211C2700070700997864 /* ShellHacks_Capital_OneApp.swift */,
				D025211E2700070700997864 /* ContentView.swift */,
				D025212B2700075F00997864 /* TCCalculatorView.swift */,
				D025212D2700077D00997864 /* ProfileView.swift */,
				D025212F2700079800997864 /* FinanceInfoView.swift */,
				D02521202700071000997864 /* Assets.xcassets */,
				D02521252700071000997864 /* Info.plist */,
				D02521222700071000997864 /* Preview Content */,
			);
			path = "ShellHacks Capital One";
			sourceTree = "<group>";
		};
		D02521222700071000997864 /* Preview Content */ = {
			isa = PBXGroup;
			children = (
				D02521232700071000997864 /* Preview Assets.xcassets */,
			);
			path = "Preview Content";
			sourceTree = "<group>";
		};
/* End PBXGroup section */

/* Begin PBXNativeTarget section */
		D02521182700070700997864 /* ShellHacks Capital One */ = {
			isa = PBXNativeTarget;
			buildConfigurationList = D02521282700071000997864 /* Build configuration list for PBXNativeTarget "ShellHacks Capital One" */;
			buildPhases = (
				D02521152700070700997864 /* Sources */,
				D02521162700070700997864 /* Frameworks */,
				D02521172700070700997864 /* Resources */,
			);
			buildRules = (
			);
			dependencies = (
			);
			name = "ShellHacks Capital One";
			productName = "ShellHacks Capital One";
			productReference = D02521192700070700997864 /* ShellHacks Capital One.app */;
			productType = "com.apple.product-type.application";
		};
/* End PBXNativeTarget section */

/* Begin PBXProject section */
		D02521112700070700997864 /* Project object */ = {
			isa = PBXProject;
			attributes = {
				LastSwiftUpdateCheck = 1250;
				LastUpgradeCheck = 1250;
				TargetAttributes = {
					D02521182700070700997864 = {
						CreatedOnToolsVersion = 12.5.1;
					};
				};
			};
			buildConfigurationList = D02521142700070700997864 /* Build configuration list for PBXProject "ShellHacks Capital One" */;
			compatibilityVersion = "Xcode 9.3";
			developmentRegion = en;
			hasScannedForEncodings = 0;
			knownRegions = (
				en,
				Base,
			);
			mainGroup = D02521102700070700997864;
			productRefGroup = D025211A2700070700997864 /* Products */;
			projectDirPath = "";
			projectRoot = "";
			targets = (
				D02521182700070700997864 /* ShellHacks Capital One */,
			);
		};
/* End PBXProject section */

/* Begin PBXResourcesBuildPhase section */
		D02521172700070700997864 /* Resources */ = {
			isa = PBXResourcesBuildPhase;
			buildActionMask = 2147483647;
			files = (
				D02521242700071000997864 /* Preview Assets.xcassets in Resources */,
				D02521212700071000997864 /* Assets.xcassets in Resources */,
			);
			runOnlyForDeploymentPostprocessing = 0;
		};
/* End PBXResourcesBuildPhase section */

/* Begin PBXSourcesBuildPhase section */
		D02521152700070700997864 /* Sources */ = {
			isa = PBXSourcesBuildPhase;
			buildActionMask = 2147483647;
			files = (
				D025212E2700077E00997864 /* ProfileView.swift in Sources */,
				D02521302700079800997864 /* FinanceInfoView.swift in Sources */,
				D025211F2700070700997864 /* ContentView.swift in Sources */,
				D025211D2700070700997864 /* ShellHacks_Capital_OneApp.swift in Sources */,
				D025212C2700075F00997864 /* TCCalculatorView.swift in Sources */,
			);
			runOnlyForDeploymentPostprocessing = 0;
		};
/* End PBXSourcesBuildPhase section */

/* Begin XCBuildConfiguration section */
		D02521262700071000997864 /* Debug */ = {
			isa = XCBuildConfiguration;
			buildSettings = {
				ALWAYS_SEARCH_USER_PATHS = NO;
				CLANG_ANALYZER_NONNULL = YES;
				CLANG_ANALYZER_NUMBER_OBJECT_CONVERSION = YES_AGGRESSIVE;
				CLANG_CXX_LANGUAGE_STANDARD = "gnu++14";
				CLANG_CXX_LIBRARY = "libc++";
				CLANG_ENABLE_MODULES = YES;
				CLANG_ENABLE_OBJC_ARC = YES;
				CLANG_ENABLE_OBJC_WEAK = YES;
				CLANG_WARN_BLOCK_CAPTURE_AUTORELEASING = YES;
				CLANG_WARN_BOOL_CONVERSION = YES;
				CLANG_WARN_COMMA = YES;
				CLANG_WARN_CONSTANT_CONVERSION = YES;
				CLANG_WARN_DEPRECATED_OBJC_IMPLEMENTATIONS = YES;
				CLANG_WARN_DIRECT_OBJC_ISA_USAGE = YES_ERROR;
				CLANG_WARN_DOCUMENTATION_COMMENTS = YES;
				CLANG_WARN_EMPTY_BODY = YES;
				CLANG_WARN_ENUM_CONVERSION = YES;
				CLANG_WARN_INFINITE_RECURSION = YES;
				CLANG_WARN_INT_CONVERSION = YES;
				CLANG_WARN_NON_LITERAL_NULL_CONVERSION = YES;
				CLANG_WARN_OBJC_IMPLICIT_RETAIN_SELF = YES;
				CLANG_WARN_OBJC_LITERAL_CONVERSION = YES;
				CLANG_WARN_OBJC_ROOT_CLASS = YES_ERROR;
				CLANG_WARN_QUOTED_INCLUDE_IN_FRAMEWORK_HEADER = YES;
				CLANG_WARN_RANGE_LOOP_ANALYSIS = YES;
				CLANG_WARN_STRICT_PROTOTYPES = YES;
				CLANG_WARN_SUSPICIOUS_MOVE = YES;
				CLANG_WARN_UNGUARDED_AVAILABILITY = YES_AGGRESSIVE;
				CLANG_WARN_UNREACHABLE_CODE = YES;
				CLANG_WARN__DUPLICATE_METHOD_MATCH = YES;
				COPY_PHASE_STRIP = NO;
				DEBUG_INFORMATION_FORMAT = dwarf;
				ENABLE_STRICT_OBJC_MSGSEND = YES;
				ENABLE_TESTABILITY = YES;
				GCC_C_LANGUAGE_STANDARD = gnu11;
				GCC_DYNAMIC_NO_PIC = NO;
				GCC_NO_COMMON_BLOCKS = YES;
				GCC_OPTIMIZATION_LEVEL = 0;
				GCC_PREPROCESSOR_DEFINITIONS = (
					"DEBUG=1",
					"$(inherited)",
				);
				GCC_WARN_64_TO_32_BIT_CONVERSION = YES;
				GCC_WARN_ABOUT_RETURN_TYPE = YES_ERROR;
				GCC_WARN_UNDECLARED_SELECTOR = YES;
				GCC_WARN_UNINITIALIZED_AUTOS = YES_AGGRESSIVE;
				GCC_WARN_UNUSED_FUNCTION = YES;
				GCC_WARN_UNUSED_VARIABLE = YES;
				IPHONEOS_DEPLOYMENT_TARGET = 14.5;
				MTL_ENABLE_DEBUG_INFO = INCLUDE_SOURCE;
				MTL_FAST_MATH = YES;
				ONLY_ACTIVE_ARCH = YES;
				SDKROOT = iphoneos;
				SWIFT_ACTIVE_COMPILATION_CONDITIONS = DEBUG;
				SWIFT_OPTIMIZATION_LEVEL = "-Onone";
			};
			name = Debug;
		};
		D02521272700071000997864 /* Release */ = {
			isa = XCBuildConfiguration;
			buildSettings = {
				ALWAYS_SEARCH_USER_PATHS = NO;
				CLANG_ANALYZER_NONNULL = YES;
				CLANG_ANALYZER_NUMBER_OBJECT_CONVERSION = YES_AGGRESSIVE;
				CLANG_CXX_LANGUAGE_STANDARD = "gnu++14";
				CLANG_CXX_LIBRARY = "libc++";
				CLANG_ENABLE_MODULES = YES;
				CLANG_ENABLE_OBJC_ARC = YES;
				CLANG_ENABLE_OBJC_WEAK = YES;
				CLANG_WARN_BLOCK_CAPTURE_AUTORELEASING = YES;
				CLANG_WARN_BOOL_CONVERSION = YES;
				CLANG_WARN_COMMA = YES;
				CLANG_WARN_CONSTANT_CONVERSION = YES;
				CLANG_WARN_DEPRECATED_OBJC_IMPLEMENTATIONS = YES;
				CLANG_WARN_DIRECT_OBJC_ISA_USAGE = YES_ERROR;
				CLANG_WARN_DOCUMENTATION_COMMENTS = YES;
				CLANG_WARN_EMPTY_BODY = YES;
				CLANG_WARN_ENUM_CONVERSION = YES;
				CLANG_WARN_INFINITE_RECURSION = YES;
				CLANG_WARN_INT_CONVERSION = YES;
				CLANG_WARN_NON_LITERAL_NULL_CONVERSION = YES;
				CLANG_WARN_OBJC_IMPLICIT_RETAIN_SELF = YES;
				CLANG_WARN_OBJC_LITERAL_CONVERSION = YES;
				CLANG_WARN_OBJC_ROOT_CLASS = YES_ERROR;
				CLANG_WARN_QUOTED_INCLUDE_IN_FRAMEWORK_HEADER = YES;
				CLANG_WARN_RANGE_LOOP_ANALYSIS = YES;
				CLANG_WARN_STRICT_PROTOTYPES = YES;
				CLANG_WARN_SUSPICIOUS_MOVE = YES;
				CLANG_WARN_UNGUARDED_AVAILABILITY = YES_AGGRESSIVE;
				CLANG_WARN_UNREACHABLE_CODE = YES;
				CLANG_WARN__DUPLICATE_METHOD_MATCH = YES;
				COPY_PHASE_STRIP = NO;
				DEBUG_INFORMATION_FORMAT = "dwarf-with-dsym";
				ENABLE_NS_ASSERTIONS = NO;
				ENABLE_STRICT_OBJC_MSGSEND = YES;
				GCC_C_LANGUAGE_STANDARD = gnu11;
				GCC_NO_COMMON_BLOCKS = YES;
				GCC_WARN_64_TO_32_BIT_CONVERSION = YES;
				GCC_WARN_ABOUT_RETURN_TYPE = YES_ERROR;
				GCC_WARN_UNDECLARED_SELECTOR = YES;
				GCC_WARN_UNINITIALIZED_AUTOS = YES_AGGRESSIVE;
				GCC_WARN_UNUSED_FUNCTION = YES;
				GCC_WARN_UNUSED_VARIABLE = YES;
				IPHONEOS_DEPLOYMENT_TARGET = 14.5;
				MTL_ENABLE_DEBUG_INFO = NO;
				MTL_FAST_MATH = YES;
				SDKROOT = iphoneos;
				SWIFT_COMPILATION_MODE = wholemodule;
				SWIFT_OPTIMIZATION_LEVEL = "-O";
				VALIDATE_PRODUCT = YES;
			};
			name = Release;
		};
		D02521292700071000997864 /* Debug */ = {
			isa = XCBuildConfiguration;
			buildSettings = {
				ASSETCATALOG_COMPILER_APPICON_NAME = AppIcon;
				ASSETCATALOG_COMPILER_GLOBAL_ACCENT_COLOR_NAME = AccentColor;
				CODE_SIGN_STYLE = Automatic;
				DEVELOPMENT_ASSET_PATHS = "\"ShellHacks Capital One/Preview Content\"";
				DEVELOPMENT_TEAM = 8SZ2F6LV2X;
				ENABLE_PREVIEWS = YES;
				INFOPLIST_FILE = "ShellHacks Capital One/Info.plist";
				IPHONEOS_DEPLOYMENT_TARGET = 14.0;
				LD_RUNPATH_SEARCH_PATHS = (
					"$(inherited)",
					"@executable_path/Frameworks",
				);
				PRODUCT_BUNDLE_IDENTIFIER = "com.Peter-Khouly.ShellHacks-Capital-One";
				PRODUCT_NAME = "$(TARGET_NAME)";
				SWIFT_VERSION = 5.0;
				TARGETED_DEVICE_FAMILY = "1,2";
			};
			name = Debug;
		};
		D025212A2700071000997864 /* Release */ = {
			isa = XCBuildConfiguration;
			buildSettings = {
				ASSETCATALOG_COMPILER_APPICON_NAME = AppIcon;
				ASSETCATALOG_COMPILER_GLOBAL_ACCENT_COLOR_NAME = AccentColor;
				CODE_SIGN_STYLE = Automatic;
				DEVELOPMENT_ASSET_PATHS = "\"ShellHacks Capital One/Preview Content\"";
				DEVELOPMENT_TEAM = 8SZ2F6LV2X;
				ENABLE_PREVIEWS = YES;
				INFOPLIST_FILE = "ShellHacks Capital One/Info.plist";
				IPHONEOS_DEPLOYMENT_TARGET = 14.0;
				LD_RUNPATH_SEARCH_PATHS = (
					"$(inherited)",
					"@executable_path/Frameworks",
				);
				PRODUCT_BUNDLE_IDENTIFIER = "com.Peter-Khouly.ShellHacks-Capital-One";
				PRODUCT_NAME = "$(TARGET_NAME)";
				SWIFT_VERSION = 5.0;
				TARGETED_DEVICE_FAMILY = "1,2";
			};
			name = Release;
		};
/* End XCBuildConfiguration section */

/* Begin XCConfigurationList section */
		D02521142700070700997864 /* Build configuration list for PBXProject "ShellHacks Capital One" */ = {
			isa = XCConfigurationList;
			buildConfigurations = (
				D02521262700071000997864 /* Debug */,
				D02521272700071000997864 /* Release */,
			);
			defaultConfigurationIsVisible = 0;
			defaultConfigurationName = Release;
		};
		D02521282700071000997864 /* Build configuration list for PBXNativeTarget "ShellHacks Capital One" */ = {
			isa = XCConfigurationList;
			buildConfigurations = (
				D02521292700071000997864 /* Debug */,
				D025212A2700071000997864 /* Release */,
			);
			defaultConfigurationIsVisible = 0;
			defaultConfigurationName = Release;
		};
/* End XCConfigurationList section */
	};
	rootObject = D02521112700070700997864 /* Project object */;
}
